
Microsoft Visual Studio Solution File, Format Version 12.00
# Visual Studio Version 17
VisualStudioVersion = 17.4.33006.217
MinimumVisualStudioVersion = 10.0.40219.1
Project("{FAE04EC0-301F-11D3-BF4B-00C04F79EFBC}") = "BankWPFApp", "BankWPFApp.csproj", "{BAF7CC67-9F8B-4876-A578-3B741464FC22}"
EndProject
Global
	GlobalSection(SolutionConfigurationPlatforms) = preSolution
		Debug|Any CPU = Debug|Any CPU
		Release|Any CPU = Release|Any CPU
	EndGlobalSection
	GlobalSection(ProjectConfigurationPlatforms) = postSolution
		{BAF7CC67-9F8B-4876-A578-3B741464FC22}.Debug|Any CPU.ActiveCfg = Debug|Any CPU
		{BAF7CC67-9F8B-4876-A578-3B741464FC22}.Debug|Any CPU.Build.0 = Debug|Any CPU
		{BAF7CC67-9F8B-4876-A578-3B741464FC22}.Release|Any CPU.ActiveCfg = Release|Any CPU
		{BAF7CC67-9F8B-4876-A578-3B741464FC22}.Release|Any CPU.Build.0 = Release|Any CPU
	EndGlobalSection
	GlobalSection(SolutionProperties) = preSolution
		HideSolutionNode = FALSE
	EndGlobalSection
	GlobalSection(ExtensibilityGlobals) = postSolution
		SolutionGuid = {B1A21003-E3F5-454E-ADD0-368B5AE0B3C9}
	EndGlobalSection
EndGlobal
